<?xml version="1.0" encoding="utf-8"?>
<Project ToolsVersion="4.0" xmlns="http://schemas.microsoft.com/developer/msbuild/2003">
  <ItemGroup>
    <Filter Include="Source Files">
      <UniqueIdentifier>{4FC737F1-C7A5-4376-A066-2A32D752A2FF}</UniqueIdentifier>
      <Extensions>cpp;c;cc;cxx;c++;cppm;ixx;def;odl;idl;hpj;bat;asm;asmx</Extensions>
    </Filter>
    <Filter Include="Header Files">
      <UniqueIdentifier>{93995380-89BD-4b04-88EB-625FBE52EBFB}</UniqueIdentifier>
      <Extensions>h;hh;hpp;hxx;h++;hm;inl;inc;ipp;xsd</Extensions>
    </Filter>
    <Filter Include="Resource Files">
      <UniqueIdentifier>{67DA6AB6-F800-4c08-8B7A-83BB121AAD01}</UniqueIdentifier>
      <Extensions>rc;ico;cur;bmp;dlg;rc2;rct;bin;rgs;gif;jpg;jpeg;jpe;resx;tiff;tif;png;wav;mfcribbon-ms</Extensions>
    </Filter>
  </ItemGroup>
  <ItemGroup>
    <ClCompile Include="DaulairesUI\Main.cpp">
      <Filter>Source Files</Filter>
    </ClCompile>
    <ClCompile Include="DaulairesUI\Dependencies\Utils\Client.cpp">
      <Filter>Source Files</Filter>
    </ClCompile>
    <ClCompile Include="DaulairesUI\Dependencies\Utils\Info.cpp">
      <Filter>Source Files</Filter>
    </ClCompile>
    <ClCompile Include="DaulairesUI\Dependencies\Utils\Utils.cpp">
      <Filter>Source Files</Filter>
    </ClCompile>
    <ClCompile Include="DaulairesUI\Dependencies\Memory\Memory.cpp">
      <Filter>Source Files</Filter>
    </ClCompile>
    <ClCompile Include="DaulairesUI\Dependencies\Hooks\messageBoxHooks.cpp">
      <Filter>Source Files</Filter>
    </ClCompile>
    <ClCompile Include="DaulairesUI\Dependencies\ImGui\backends\imgui_impl_dx11.cpp">
      <Filter>Source Files</Filter>
    </ClCompile>
    <ClCompile Include="DaulairesUI\Dependencies\ImGui\backends\imgui_impl_win32.cpp">
      <Filter>Source Files</Filter>
    </ClCompile>
    <ClCompile Include="DaulairesUI\Dependencies\ImGui\imgui.cpp">
      <Filter>Source Files</Filter>
    </ClCompile>
    <ClCompile Include="DaulairesUI\Dependencies\ImGui\imgui_demo.cpp">
      <Filter>Source Files</Filter>
    </ClCompile>
    <ClCompile Include="DaulairesUI\Dependencies\ImGui\imgui_draw.cpp">
      <Filter>Source Files</Filter>
    </ClCompile>
    <ClCompile Include="DaulairesUI\Dependencies\ImGui\imgui_tables.cpp">
      <Filter>Source Files</Filter>
    </ClCompile>
    <ClCompile Include="DaulairesUI\Dependencies\ImGui\imgui_widgets.cpp">
      <Filter>Source Files</Filter>
    </ClCompile>
    <ClCompile Include="DaulairesUI\Dependencies\Window\Window.cpp">
      <Filter>Source Files</Filter>
    </ClCompile>
  </ItemGroup>
  <ItemGroup>
    <ClInclude Include="DaulairesUI\Dependencies\Headers\Client.h">
      <Filter>Header Files</Filter>
    </ClInclude>
    <ClInclude Include="DaulairesUI\Dependencies\Headers\Info.h">
      <Filter>Header Files</Filter>
    </ClInclude>
    <ClInclude Include="DaulairesUI\Dependencies\Headers\Main.h">
      <Filter>Header Files</Filter>
    </ClInclude>
    <ClInclude Include="DaulairesUI\Dependencies\Headers\Tools.h">
      <Filter>Header Files</Filter>
    </ClInclude>
    <ClInclude Include="DaulairesUI\Dependencies\Headers\Utils.h">
      <Filter>Header Files</Filter>
    </ClInclude>
    <ClInclude Include="DaulairesUI\Dependencies\Headers\Memory.h">
      <Filter>Header Files</Filter>
    </ClInclude>
    <ClInclude Include="DaulairesUI\Dependencies\Ico\resource.h">
      <Filter>Header Files</Filter>
    </ClInclude>
    <ClInclude Include="DaulairesUI\Dependencies\Ico\version.h">
      <Filter>Header Files</Filter>
    </ClInclude>
    <ClInclude Include="DaulairesUI\Dependencies\Headers\Hooks\messageBoxHooks.h">
      <Filter>Header Files</Filter>
    </ClInclude>
    <ClInclude Include="DaulairesUI\Dependencies\ImGui\backends\imgui_impl_dx11.h">
      <Filter>Header Files</Filter>
    </ClInclude>
    <ClInclude Include="DaulairesUI\Dependencies\ImGui\backends\imgui_impl_win32.h">
      <Filter>Header Files</Filter>
    </ClInclude>
    <ClInclude Include="DaulairesUI\Dependencies\ImGui\DroidSans.hpp">
      <Filter>Header Files</Filter>
    </ClInclude>
    <ClInclude Include="DaulairesUI\Dependencies\ImGui\imconfig.h">
      <Filter>Header Files</Filter>
    </ClInclude>
    <ClInclude Include="DaulairesUI\Dependencies\ImGui\imgui.h">
      <Filter>Header Files</Filter>
    </ClInclude>
    <ClInclude Include="DaulairesUI\Dependencies\ImGui\imgui_internal.h">
      <Filter>Header Files</Filter>
    </ClInclude>
    <ClInclude Include="DaulairesUI\Dependencies\ImGui\imstb_rectpack.h">
      <Filter>Header Files</Filter>
    </ClInclude>
    <ClInclude Include="DaulairesUI\Dependencies\ImGui\imstb_textedit.h">
      <Filter>Header Files</Filter>
    </ClInclude>
    <ClInclude Include="DaulairesUI\Dependencies\ImGui\imstb_truetype.h">
      <Filter>Header Files</Filter>
    </ClInclude>
    <ClInclude Include="DaulairesUI\Dependencies\Headers\Window.h">
      <Filter>Header Files</Filter>
    </ClInclude>
    <ClInclude Include="packages\nlohmann.json.3.11.2\build\native\include\nlohmann\json.hpp">
      <Filter>Header Files</Filter>
    </ClInclude>
  </ItemGroup>
  <ItemGroup>
    <None Include="packages\packages.config" />
    <None Include=".gitignore" />
    <None Include="DaulairesUI\cpp.hint" />
    <None Include="DaulairesUI\Daulaires.aps" />
    <None Include="DaulairesUI\Dependencies\Ico\Daulaires.aps" />
    <None Include="DaulairesUI\Dependencies\Ico\RCa02124" />
  </ItemGroup>
  <ItemGroup>
    <ResourceCompile Include="DaulairesUI\Dependencies\Ico\Version.rc">
      <Filter>Resource Files</Filter>
    </ResourceCompile>
  </ItemGroup>
  <ItemGroup>
    <Image Include="..\..\..\..\..\..\Google\icon1.ico">
      <Filter>Resource Files</Filter>
    </Image>
    <Image Include="..\..\..\..\..\..\Google\favicon.ico">
      <Filter>Resource Files</Filter>
    </Image>
  </ItemGroup>
</Project>